
Microsoft Visual Studio Solution File, Format Version 12.00
# Visual Studio Version 17
VisualStudioVersion = 17.8.34330.188
MinimumVisualStudioVersion = 10.0.40219.1
Project("{FAE04EC0-301F-11D3-BF4B-00C04F79EFBC}") = "KafkaProductAPI", "KafkaProductAPI\KafkaProductAPI.csproj", "{C4718D01-5B8E-43D5-AAC4-0AD3B8E7D5DA}"
EndProject
Project("{FAE04EC0-301F-11D3-BF4B-00C04F79EFBC}") = "KafkaConsumerWorker", "KafkaConsumerWorker\KafkaConsumerWorker.csproj", "{B8E735A8-32FA-4AB9-9A77-F997C37B6331}"
EndProject
Global
	GlobalSection(SolutionConfigurationPlatforms) = preSolution
		Debug|Any CPU = Debug|Any CPU
		Release|Any CPU = Release|Any CPU
	EndGlobalSection
	GlobalSection(ProjectConfigurationPlatforms) = postSolution
		{C4718D01-5B8E-43D5-AAC4-0AD3B8E7D5DA}.Debug|Any CPU.ActiveCfg = Debug|Any CPU
		{C4718D01-5B8E-43D5-AAC4-0AD3B8E7D5DA}.Debug|Any CPU.Build.0 = Debug|Any CPU
		{C4718D01-5B8E-43D5-AAC4-0AD3B8E7D5DA}.Release|Any CPU.ActiveCfg = Release|Any CPU
		{C4718D01-5B8E-43D5-AAC4-0AD3B8E7D5DA}.Release|Any CPU.Build.0 = Release|Any CPU
		{B8E735A8-32FA-4AB9-9A77-F997C37B6331}.Debug|Any CPU.ActiveCfg = Debug|Any CPU
		{B8E735A8-32FA-4AB9-9A77-F997C37B6331}.Debug|Any CPU.Build.0 = Debug|Any CPU
		{B8E735A8-32FA-4AB9-9A77-F997C37B6331}.Release|Any CPU.ActiveCfg = Release|Any CPU
		{B8E735A8-32FA-4AB9-9A77-F997C37B6331}.Release|Any CPU.Build.0 = Release|Any CPU
	EndGlobalSection
	GlobalSection(SolutionProperties) = preSolution
		HideSolutionNode = FALSE
	EndGlobalSection
	GlobalSection(ExtensibilityGlobals) = postSolution
		SolutionGuid = {41C6F580-2222-4E70-8121-37C4F0721AF5}
	EndGlobalSection
EndGlobal
